
Microsoft Visual Studio Solution File, Format Version 12.00
# Visual Studio Version 16
VisualStudioVersion = 16.0.30104.148
MinimumVisualStudioVersion = 10.0.40219.1
Project("{FAE04EC0-301F-11D3-BF4B-00C04F79EFBC}") = "HCI_Project", "HCI_Project.csproj", "{502FB44A-F008-45A5-B773-F297E91F145C}"
EndProject
Global
	GlobalSection(SolutionConfigurationPlatforms) = preSolution
		Debug|Any CPU = Debug|Any CPU
		Release|Any CPU = Release|Any CPU
	EndGlobalSection
	GlobalSection(ProjectConfigurationPlatforms) = postSolution
		{502FB44A-F008-45A5-B773-F297E91F145C}.Debug|Any CPU.ActiveCfg = Debug|Any CPU
		{502FB44A-F008-45A5-B773-F297E91F145C}.Debug|Any CPU.Build.0 = Debug|Any CPU
		{502FB44A-F008-45A5-B773-F297E91F145C}.Release|Any CPU.ActiveCfg = Release|Any CPU
		{502FB44A-F008-45A5-B773-F297E91F145C}.Release|Any CPU.Build.0 = Release|Any CPU
	EndGlobalSection
	GlobalSection(SolutionProperties) = preSolution
		HideSolutionNode = FALSE
	EndGlobalSection
	GlobalSection(ExtensibilityGlobals) = postSolution
		SolutionGuid = {8B07BDF5-FB74-46E1-ACA0-D134F4AA04E3}
	EndGlobalSection
EndGlobal
